
Microsoft Visual Studio Solution File, Format Version 12.00
# Visual Studio Version 16
VisualStudioVersion = 16.0.29318.209
MinimumVisualStudioVersion = 10.0.40219.1
Project("{FAE04EC0-301F-11D3-BF4B-00C04F79EFBC}") = "MarsRover", "MarsRover\MarsRover.csproj", "{4B6FD43D-D516-429F-B866-8A87CB06DEC7}"
EndProject
Project("{FAE04EC0-301F-11D3-BF4B-00C04F79EFBC}") = "MarsRoverTest", "MarsRoverTest\MarsRoverTest.csproj", "{2C51CD7E-5FE1-4E1D-B067-2AFEECBC2D88}"
EndProject
Global
	GlobalSection(SolutionConfigurationPlatforms) = preSolution
		Debug|Any CPU = Debug|Any CPU
		Release|Any CPU = Release|Any CPU
	EndGlobalSection
	GlobalSection(ProjectConfigurationPlatforms) = postSolution
		{4B6FD43D-D516-429F-B866-8A87CB06DEC7}.Debug|Any CPU.ActiveCfg = Debug|Any CPU
		{4B6FD43D-D516-429F-B866-8A87CB06DEC7}.Debug|Any CPU.Build.0 = Debug|Any CPU
		{4B6FD43D-D516-429F-B866-8A87CB06DEC7}.Release|Any CPU.ActiveCfg = Release|Any CPU
		{4B6FD43D-D516-429F-B866-8A87CB06DEC7}.Release|Any CPU.Build.0 = Release|Any CPU
		{2C51CD7E-5FE1-4E1D-B067-2AFEECBC2D88}.Debug|Any CPU.ActiveCfg = Debug|Any CPU
		{2C51CD7E-5FE1-4E1D-B067-2AFEECBC2D88}.Debug|Any CPU.Build.0 = Debug|Any CPU
		{2C51CD7E-5FE1-4E1D-B067-2AFEECBC2D88}.Release|Any CPU.ActiveCfg = Release|Any CPU
		{2C51CD7E-5FE1-4E1D-B067-2AFEECBC2D88}.Release|Any CPU.Build.0 = Release|Any CPU
	EndGlobalSection
	GlobalSection(SolutionProperties) = preSolution
		HideSolutionNode = FALSE
	EndGlobalSection
	GlobalSection(ExtensibilityGlobals) = postSolution
		SolutionGuid = {4A093FAB-4717-4186-A0BD-F7F31C3A8C65}
	EndGlobalSection
EndGlobal
